
Microsoft Visual Studio Solution File, Format Version 12.00
# Visual Studio Version 16
VisualStudioVersion = 16.0.31129.286
MinimumVisualStudioVersion = 10.0.40219.1
Project("{9A19103F-16F7-4668-BE54-9A1E7A4F7556}") = "TaskManager", "TaskManager\TaskManager.csproj", "{59869D59-C61A-412A-8DF5-DB65756B15E4}"
EndProject
Global
	GlobalSection(SolutionConfigurationPlatforms) = preSolution
		Debug|Any CPU = Debug|Any CPU
		Release|Any CPU = Release|Any CPU
	EndGlobalSection
	GlobalSection(ProjectConfigurationPlatforms) = postSolution
		{59869D59-C61A-412A-8DF5-DB65756B15E4}.Debug|Any CPU.ActiveCfg = Debug|Any CPU
		{59869D59-C61A-412A-8DF5-DB65756B15E4}.Debug|Any CPU.Build.0 = Debug|Any CPU
		{59869D59-C61A-412A-8DF5-DB65756B15E4}.Release|Any CPU.ActiveCfg = Release|Any CPU
		{59869D59-C61A-412A-8DF5-DB65756B15E4}.Release|Any CPU.Build.0 = Release|Any CPU
	EndGlobalSection
	GlobalSection(SolutionProperties) = preSolution
		HideSolutionNode = FALSE
	EndGlobalSection
	GlobalSection(ExtensibilityGlobals) = postSolution
		SolutionGuid = {BAE82622-4086-48C1-BD57-58CC0FC4A42C}
	EndGlobalSection
EndGlobal
